// !$*UTF8*$!
{
	archiveVersion = 1;
	classes = {
	};
	objectVersion = 55;
	objects = {

/* Begin PBXBuildFile section */
		B7ED663427A4232E003FB84B /* AppDelegate.swift in Sources */ = {isa = PBXBuildFile; fileRef = B7ED663327A4232E003FB84B /* AppDelegate.swift */; };
		B7ED663627A4232E003FB84B /* SceneDelegate.swift in Sources */ = {isa = PBXBuildFile; fileRef = B7ED663527A4232E003FB84B /* SceneDelegate.swift */; };
		B7ED663827A4232E003FB84B /* ViewController.swift in Sources */ = {isa = PBXBuildFile; fileRef = B7ED663727A4232E003FB84B /* ViewController.swift */; };
		B7ED663B27A4232E003FB84B /* Main.storyboard in Resources */ = {isa = PBXBuildFile; fileRef = B7ED663927A4232E003FB84B /* Main.storyboard */; };
		B7ED663D27A42330003FB84B /* Assets.xcassets in Resources */ = {isa = PBXBuildFile; fileRef = B7ED663C27A42330003FB84B /* Assets.xcassets */; };
		B7ED664027A42330003FB84B /* LaunchScreen.storyboard in Resources */ = {isa = PBXBuildFile; fileRef = B7ED663E27A42330003FB84B /* LaunchScreen.storyboard */; };
		B7ED664B27A42330003FB84B /* HapTics_RefTests.swift in Sources */ = {isa = PBXBuildFile; fileRef = B7ED664A27A42330003FB84B /* HapTics_RefTests.swift */; };
		B7ED665527A42330003FB84B /* HapTics_RefUITests.swift in Sources */ = {isa = PBXBuildFile; fileRef = B7ED665427A42330003FB84B /* HapTics_RefUITests.swift */; };
		B7ED665727A42330003FB84B /* HapTics_RefUITestsLaunchTests.swift in Sources */ = {isa = PBXBuildFile; fileRef = B7ED665627A42330003FB84B /* HapTics_RefUITestsLaunchTests.swift */; };
/* End PBXBuildFile section */

/* Begin PBXContainerItemProxy section */
		B7ED664727A42330003FB84B /* PBXContainerItemProxy */ = {
			isa = PBXContainerItemProxy;
			containerPortal = B7ED662827A4232E003FB84B /* Project object */;
			proxyType = 1;
			remoteGlobalIDString = B7ED662F27A4232E003FB84B;
			remoteInfo = "HapTics Ref";
		};
		B7ED665127A42330003FB84B /* PBXContainerItemProxy */ = {
			isa = PBXContainerItemProxy;
			containerPortal = B7ED662827A4232E003FB84B /* Project object */;
			proxyType = 1;
			remoteGlobalIDString = B7ED662F27A4232E003FB84B;
			remoteInfo = "HapTics Ref";
		};
/* End PBXContainerItemProxy section */

/* Begin PBXFileReference section */
		B7ED663027A4232E003FB84B /* HapTics Ref.app */ = {isa = PBXFileReference; explicitFileType = wrapper.application; includeInIndex = 0; path = "HapTics Ref.app"; sourceTree = BUILT_PRODUCTS_DIR; };
		B7ED663327A4232E003FB84B /* AppDelegate.swift */ = {isa = PBXFileReference; lastKnownFileType = sourcecode.swift; path = AppDelegate.swift; sourceTree = "<group>"; };
		B7ED663527A4232E003FB84B /* SceneDelegate.swift */ = {isa = PBXFileReference; lastKnownFileType = sourcecode.swift; path = SceneDelegate.swift; sourceTree = "<group>"; };
		B7ED663727A4232E003FB84B /* ViewController.swift */ = {isa = PBXFileReference; lastKnownFileType = sourcecode.swift; path = ViewController.swift; sourceTree = "<group>"; };
		B7ED663A27A4232E003FB84B /* Base */ = {isa = PBXFileReference; lastKnownFileType = file.storyboard; name = Base; path = Base.lproj/Main.storyboard; sourceTree = "<group>"; };
		B7ED663C27A42330003FB84B /* Assets.xcassets */ = {isa = PBXFileReference; lastKnownFileType = folder.assetcatalog; path = Assets.xcassets; sourceTree = "<group>"; };
		B7ED663F27A42330003FB84B /* Base */ = {isa = PBXFileReference; lastKnownFileType = file.storyboard; name = Base; path = Base.lproj/LaunchScreen.storyboard; sourceTree = "<group>"; };
		B7ED664127A42330003FB84B /* Info.plist */ = {isa = PBXFileReference; lastKnownFileType = text.plist.xml; path = Info.plist; sourceTree = "<group>"; };
		B7ED664627A42330003FB84B /* HapTics RefTests.xctest */ = {isa = PBXFileReference; explicitFileType = wrapper.cfbundle; includeInIndex = 0; path = "HapTics RefTests.xctest"; sourceTree = BUILT_PRODUCTS_DIR; };
		B7ED664A27A42330003FB84B /* HapTics_RefTests.swift */ = {isa = PBXFileReference; lastKnownFileType = sourcecode.swift; path = HapTics_RefTests.swift; sourceTree = "<group>"; };
		B7ED665027A42330003FB84B /* HapTics RefUITests.xctest */ = {isa = PBXFileReference; explicitFileType = wrapper.cfbundle; includeInIndex = 0; path = "HapTics RefUITests.xctest"; sourceTree = BUILT_PRODUCTS_DIR; };
		B7ED665427A42330003FB84B /* HapTics_RefUITests.swift */ = {isa = PBXFileReference; lastKnownFileType = sourcecode.swift; path = HapTics_RefUITests.swift; sourceTree = "<group>"; };
		B7ED665627A42330003FB84B /* HapTics_RefUITestsLaunchTests.swift */ = {isa = PBXFileReference; lastKnownFileType = sourcecode.swift; path = HapTics_RefUITestsLaunchTests.swift; sourceTree = "<group>"; };
/* End PBXFileReference section */

/* Begin PBXFrameworksBuildPhase section */
		B7ED662D27A4232E003FB84B /* Frameworks */ = {
			isa = PBXFrameworksBuildPhase;
			buildActionMask = 2147483647;
			files = (
			);
			runOnlyForDeploymentPostprocessing = 0;
		};
		B7ED664327A42330003FB84B /* Frameworks */ = {
			isa = PBXFrameworksBuildPhase;
			buildActionMask = 2147483647;
			files = (
			);
			runOnlyForDeploymentPostprocessing = 0;
		};
		B7ED664D27A42330003FB84B /* Frameworks */ = {
			isa = PBXFrameworksBuildPhase;
			buildActionMask = 2147483647;
			files = (
			);
			runOnlyForDeploymentPostprocessing = 0;
		};
/* End PBXFrameworksBuildPhase section */

/* Begin PBXGroup section */
		B7ED662727A4232E003FB84B = {
			isa = PBXGroup;
			children = (
				B7ED663227A4232E003FB84B /* HapTics Ref */,
				B7ED664927A42330003FB84B /* HapTics RefTests */,
				B7ED665327A42330003FB84B /* HapTics RefUITests */,
				B7ED663127A4232E003FB84B /* Products */,
			);
			sourceTree = "<group>";
		};
		B7ED663127A4232E003FB84B /* Products */ = {
			isa = PBXGroup;
			children = (
				B7ED663027A4232E003FB84B /* HapTics Ref.app */,
				B7ED664627A42330003FB84B /* HapTics RefTests.xctest */,
				B7ED665027A42330003FB84B /* HapTics RefUITests.xctest */,
			);
			name = Products;
			sourceTree = "<group>";
		};
		B7ED663227A4232E003FB84B /* HapTics Ref */ = {
			isa = PBXGroup;
			children = (
				B7ED663327A4232E003FB84B /* AppDelegate.swift */,
				B7ED663527A4232E003FB84B /* SceneDelegate.swift */,
				B7ED663727A4232E003FB84B /* ViewController.swift */,
				B7ED663927A4232E003FB84B /* Main.storyboard */,
				B7ED663C27A42330003FB84B /* Assets.xcassets */,
				B7ED663E27A42330003FB84B /* LaunchScreen.storyboard */,
				B7ED664127A42330003FB84B /* Info.plist */,
			);
			path = "HapTics Ref";
			sourceTree = "<group>";
		};
		B7ED664927A42330003FB84B /* HapTics RefTests */ = {
			isa = PBXGroup;
			children = (
				B7ED664A27A42330003FB84B /* HapTics_RefTests.swift */,
			);
			path = "HapTics RefTests";
			sourceTree = "<group>";
		};
		B7ED665327A42330003FB84B /* HapTics RefUITests */ = {
			isa = PBXGroup;
			children = (
				B7ED665427A42330003FB84B /* HapTics_RefUITests.swift */,
				B7ED665627A42330003FB84B /* HapTics_RefUITestsLaunchTests.swift */,
			);
			path = "HapTics RefUITests";
			sourceTree = "<group>";
		};
/* End PBXGroup section */

/* Begin PBXNativeTarget section */
		B7ED662F27A4232E003FB84B /* HapTics Ref */ = {
			isa = PBXNativeTarget;
			buildConfigurationList = B7ED665A27A42330003FB84B /* Build configuration list for PBXNativeTarget "HapTics Ref" */;
			buildPhases = (
				B7ED662C27A4232E003FB84B /* Sources */,
				B7ED662D27A4232E003FB84B /* Frameworks */,
				B7ED662E27A4232E003FB84B /* Resources */,
			);
			buildRules = (
			);
			dependencies = (
			);
			name = "HapTics Ref";
			productName = "HapTics Ref";
			productReference = B7ED663027A4232E003FB84B /* HapTics Ref.app */;
			productType = "com.apple.product-type.application";
		};
		B7ED664527A42330003FB84B /* HapTics RefTests */ = {
			isa = PBXNativeTarget;
			buildConfigurationList = B7ED665D27A42330003FB84B /* Build configuration list for PBXNativeTarget "HapTics RefTests" */;
			buildPhases = (
				B7ED664227A42330003FB84B /* Sources */,
				B7ED664327A42330003FB84B /* Frameworks */,
				B7ED664427A42330003FB84B /* Resources */,
			);
			buildRules = (
			);
			dependencies = (
				B7ED664827A42330003FB84B /* PBXTargetDependency */,
			);
			name = "HapTics RefTests";
			productName = "HapTics RefTests";
			productReference = B7ED664627A42330003FB84B /* HapTics RefTests.xctest */;
			productType = "com.apple.product-type.bundle.unit-test";
		};
		B7ED664F27A42330003FB84B /* HapTics RefUITests */ = {
			isa = PBXNativeTarget;
			buildConfigurationList = B7ED666027A42330003FB84B /* Build configuration list for PBXNativeTarget "HapTics RefUITests" */;
			buildPhases = (
				B7ED664C27A42330003FB84B /* Sources */,
				B7ED664D27A42330003FB84B /* Frameworks */,
				B7ED664E27A42330003FB84B /* Resources */,
			);
			buildRules = (
			);
			dependencies = (
				B7ED665227A42330003FB84B /* PBXTargetDependency */,
			);
			name = "HapTics RefUITests";
			productName = "HapTics RefUITests";
			productReference = B7ED665027A42330003FB84B /* HapTics RefUITests.xctest */;
			productType = "com.apple.product-type.bundle.ui-testing";
		};
/* End PBXNativeTarget section */

/* Begin PBXProject section */
		B7ED662827A4232E003FB84B /* Project object */ = {
			isa = PBXProject;
			attributes = {
				BuildIndependentTargetsInParallel = 1;
				LastSwiftUpdateCheck = 1320;
				LastUpgradeCheck = 1320;
				TargetAttributes = {
					B7ED662F27A4232E003FB84B = {
						CreatedOnToolsVersion = 13.2.1;
					};
					B7ED664527A42330003FB84B = {
						CreatedOnToolsVersion = 13.2.1;
						TestTargetID = B7ED662F27A4232E003FB84B;
					};
					B7ED664F27A42330003FB84B = {
						CreatedOnToolsVersion = 13.2.1;
						TestTargetID = B7ED662F27A4232E003FB84B;
					};
				};
			};
			buildConfigurationList = B7ED662B27A4232E003FB84B /* Build configuration list for PBXProject "HapTics Ref" */;
			compatibilityVersion = "Xcode 13.0";
			developmentRegion = en;
			hasScannedForEncodings = 0;
			knownRegions = (
				en,
				Base,
			);
			mainGroup = B7ED662727A4232E003FB84B;
			productRefGroup = B7ED663127A4232E003FB84B /* Products */;
			projectDirPath = "";
			projectRoot = "";
			targets = (
				B7ED662F27A4232E003FB84B /* HapTics Ref */,
				B7ED664527A42330003FB84B /* HapTics RefTests */,
				B7ED664F27A42330003FB84B /* HapTics RefUITests */,
			);
		};
/* End PBXProject section */

/* Begin PBXResourcesBuildPhase section */
		B7ED662E27A4232E003FB84B /* Resources */ = {
			isa = PBXResourcesBuildPhase;
			buildActionMask = 2147483647;
			files = (
				B7ED664027A42330003FB84B /* LaunchScreen.storyboard in Resources */,
				B7ED663D27A42330003FB84B /* Assets.xcassets in Resources */,
				B7ED663B27A4232E003FB84B /* Main.storyboard in Resources */,
			);
			runOnlyForDeploymentPostprocessing = 0;
		};
		B7ED664427A42330003FB84B /* Resources */ = {
			isa = PBXResourcesBuildPhase;
			buildActionMask = 2147483647;
			files = (
			);
			runOnlyForDeploymentPostprocessing = 0;
		};
		B7ED664E27A42330003FB84B /* Resources */ = {
			isa = PBXResourcesBuildPhase;
			buildActionMask = 2147483647;
			files = (
			);
			runOnlyForDeploymentPostprocessing = 0;
		};
/* End PBXResourcesBuildPhase section */

/* Begin PBXSourcesBuildPhase section */
		B7ED662C27A4232E003FB84B /* Sources */ = {
			isa = PBXSourcesBuildPhase;
			buildActionMask = 2147483647;
			files = (
				B7ED663827A4232E003FB84B /* ViewController.swift in Sources */,
				B7ED663427A4232E003FB84B /* AppDelegate.swift in Sources */,
				B7ED663627A4232E003FB84B /* SceneDelegate.swift in Sources */,
			);
			runOnlyForDeploymentPostprocessing = 0;
		};
		B7ED664227A42330003FB84B /* Sources */ = {
			isa = PBXSourcesBuildPhase;
			buildActionMask = 2147483647;
			files = (
				B7ED664B27A42330003FB84B /* HapTics_RefTests.swift in Sources */,
			);
			runOnlyForDeploymentPostprocessing = 0;
		};
		B7ED664C27A42330003FB84B /* Sources */ = {
			isa = PBXSourcesBuildPhase;
			buildActionMask = 2147483647;
			files = (
				B7ED665527A42330003FB84B /* HapTics_RefUITests.swift in Sources */,
				B7ED665727A42330003FB84B /* HapTics_RefUITestsLaunchTests.swift in Sources */,
			);
			runOnlyForDeploymentPostprocessing = 0;
		};
/* End PBXSourcesBuildPhase section */

/* Begin PBXTargetDependency section */
		B7ED664827A42330003FB84B /* PBXTargetDependency */ = {
			isa = PBXTargetDependency;
			target = B7ED662F27A4232E003FB84B /* HapTics Ref */;
			targetProxy = B7ED664727A42330003FB84B /* PBXContainerItemProxy */;
		};
		B7ED665227A42330003FB84B /* PBXTargetDependency */ = {
			isa = PBXTargetDependency;
			target = B7ED662F27A4232E003FB84B /* HapTics Ref */;
			targetProxy = B7ED665127A42330003FB84B /* PBXContainerItemProxy */;
		};
/* End PBXTargetDependency section */

/* Begin PBXVariantGroup section */
		B7ED663927A4232E003FB84B /* Main.storyboard */ = {
			isa = PBXVariantGroup;
			children = (
				B7ED663A27A4232E003FB84B /* Base */,
			);
			name = Main.storyboard;
			sourceTree = "<group>";
		};
		B7ED663E27A42330003FB84B /* LaunchScreen.storyboard */ = {
			isa = PBXVariantGroup;
			children = (
				B7ED663F27A42330003FB84B /* Base */,
			);
			name = LaunchScreen.storyboard;
			sourceTree = "<group>";
		};
/* End PBXVariantGroup section */

/* Begin XCBuildConfiguration section */
		B7ED665827A42330003FB84B /* Debug */ = {
			isa = XCBuildConfiguration;
			buildSettings = {
				ALWAYS_SEARCH_USER_PATHS = NO;
				CLANG_ANALYZER_NONNULL = YES;
				CLANG_ANALYZER_NUMBER_OBJECT_CONVERSION = YES_AGGRESSIVE;
				CLANG_CXX_LANGUAGE_STANDARD = "gnu++17";
				CLANG_CXX_LIBRARY = "libc++";
				CLANG_ENABLE_MODULES = YES;
				CLANG_ENABLE_OBJC_ARC = YES;
				CLANG_ENABLE_OBJC_WEAK = YES;
				CLANG_WARN_BLOCK_CAPTURE_AUTORELEASING = YES;
				CLANG_WARN_BOOL_CONVERSION = YES;
				CLANG_WARN_COMMA = YES;
				CLANG_WARN_CONSTANT_CONVERSION = YES;
				CLANG_WARN_DEPRECATED_OBJC_IMPLEMENTATIONS = YES;
				CLANG_WARN_DIRECT_OBJC_ISA_USAGE = YES_ERROR;
				CLANG_WARN_DOCUMENTATION_COMMENTS = YES;
				CLANG_WARN_EMPTY_BODY = YES;
				CLANG_WARN_ENUM_CONVERSION = YES;
				CLANG_WARN_INFINITE_RECURSION = YES;
				CLANG_WARN_INT_CONVERSION = YES;
				CLANG_WARN_NON_LITERAL_NULL_CONVERSION = YES;
				CLANG_WARN_OBJC_IMPLICIT_RETAIN_SELF = YES;
				CLANG_WARN_OBJC_LITERAL_CONVERSION = YES;
				CLANG_WARN_OBJC_ROOT_CLASS = YES_ERROR;
				CLANG_WARN_QUOTED_INCLUDE_IN_FRAMEWORK_HEADER = YES;
				CLANG_WARN_RANGE_LOOP_ANALYSIS = YES;
				CLANG_WARN_STRICT_PROTOTYPES = YES;
				CLANG_WARN_SUSPICIOUS_MOVE = YES;
				CLANG_WARN_UNGUARDED_AVAILABILITY = YES_AGGRESSIVE;
				CLANG_WARN_UNREACHABLE_CODE = YES;
				CLANG_WARN__DUPLICATE_METHOD_MATCH = YES;
				COPY_PHASE_STRIP = NO;
				DEBUG_INFORMATION_FORMAT = dwarf;
				ENABLE_STRICT_OBJC_MSGSEND = YES;
				ENABLE_TESTABILITY = YES;
				GCC_C_LANGUAGE_STANDARD = gnu11;
				GCC_DYNAMIC_NO_PIC = NO;
				GCC_NO_COMMON_BLOCKS = YES;
				GCC_OPTIMIZATION_LEVEL = 0;
				GCC_PREPROCESSOR_DEFINITIONS = (
					"DEBUG=1",
					"$(inherited)",
				);
				GCC_WARN_64_TO_32_BIT_CONVERSION = YES;
				GCC_WARN_ABOUT_RETURN_TYPE = YES_ERROR;
				GCC_WARN_UNDECLARED_SELECTOR = YES;
				GCC_WARN_UNINITIALIZED_AUTOS = YES_AGGRESSIVE;
				GCC_WARN_UNUSED_FUNCTION = YES;
				GCC_WARN_UNUSED_VARIABLE = YES;
				IPHONEOS_DEPLOYMENT_TARGET = 15.2;
				MTL_ENABLE_DEBUG_INFO = INCLUDE_SOURCE;
				MTL_FAST_MATH = YES;
				ONLY_ACTIVE_ARCH = YES;
				SDKROOT = iphoneos;
				SWIFT_ACTIVE_COMPILATION_CONDITIONS = DEBUG;
				SWIFT_OPTIMIZATION_LEVEL = "-Onone";
			};
			name = Debug;
		};
		B7ED665927A42330003FB84B /* Release */ = {
			isa = XCBuildConfiguration;
			buildSettings = {
				ALWAYS_SEARCH_USER_PATHS = NO;
				CLANG_ANALYZER_NONNULL = YES;
				CLANG_ANALYZER_NUMBER_OBJECT_CONVERSION = YES_AGGRESSIVE;
				CLANG_CXX_LANGUAGE_STANDARD = "gnu++17";
				CLANG_CXX_LIBRARY = "libc++";
				CLANG_ENABLE_MODULES = YES;
				CLANG_ENABLE_OBJC_ARC = YES;
				CLANG_ENABLE_OBJC_WEAK = YES;
				CLANG_WARN_BLOCK_CAPTURE_AUTORELEASING = YES;
				CLANG_WARN_BOOL_CONVERSION = YES;
				CLANG_WARN_COMMA = YES;
				CLANG_WARN_CONSTANT_CONVERSION = YES;
				CLANG_WARN_DEPRECATED_OBJC_IMPLEMENTATIONS = YES;
				CLANG_WARN_DIRECT_OBJC_ISA_USAGE = YES_ERROR;
				CLANG_WARN_DOCUMENTATION_COMMENTS = YES;
				CLANG_WARN_EMPTY_BODY = YES;
				CLANG_WARN_ENUM_CONVERSION = YES;
				CLANG_WARN_INFINITE_RECURSION = YES;
				CLANG_WARN_INT_CONVERSION = YES;
				CLANG_WARN_NON_LITERAL_NULL_CONVERSION = YES;
				CLANG_WARN_OBJC_IMPLICIT_RETAIN_SELF = YES;
				CLANG_WARN_OBJC_LITERAL_CONVERSION = YES;
				CLANG_WARN_OBJC_ROOT_CLASS = YES_ERROR;
				CLANG_WARN_QUOTED_INCLUDE_IN_FRAMEWORK_HEADER = YES;
				CLANG_WARN_RANGE_LOOP_ANALYSIS = YES;
				CLANG_WARN_STRICT_PROTOTYPES = YES;
				CLANG_WARN_SUSPICIOUS_MOVE = YES;
				CLANG_WARN_UNGUARDED_AVAILABILITY = YES_AGGRESSIVE;
				CLANG_WARN_UNREACHABLE_CODE = YES;
				CLANG_WARN__DUPLICATE_METHOD_MATCH = YES;
				COPY_PHASE_STRIP = NO;
				DEBUG_INFORMATION_FORMAT = "dwarf-with-dsym";
				ENABLE_NS_ASSERTIONS = NO;
				ENABLE_STRICT_OBJC_MSGSEND = YES;
				GCC_C_LANGUAGE_STANDARD = gnu11;
				GCC_NO_COMMON_BLOCKS = YES;
				GCC_WARN_64_TO_32_BIT_CONVERSION = YES;
				GCC_WARN_ABOUT_RETURN_TYPE = YES_ERROR;
				GCC_WARN_UNDECLARED_SELECTOR = YES;
				GCC_WARN_UNINITIALIZED_AUTOS = YES_AGGRESSIVE;
				GCC_WARN_UNUSED_FUNCTION = YES;
				GCC_WARN_UNUSED_VARIABLE = YES;
				IPHONEOS_DEPLOYMENT_TARGET = 15.2;
				MTL_ENABLE_DEBUG_INFO = NO;
				MTL_FAST_MATH = YES;
				SDKROOT = iphoneos;
				SWIFT_COMPILATION_MODE = wholemodule;
				SWIFT_OPTIMIZATION_LEVEL = "-O";
				VALIDATE_PRODUCT = YES;
			};
			name = Release;
		};
		B7ED665B27A42330003FB84B /* Debug */ = {
			isa = XCBuildConfiguration;
			buildSettings = {
				ASSETCATALOG_COMPILER_APPICON_NAME = AppIcon;
				ASSETCATALOG_COMPILER_GLOBAL_ACCENT_COLOR_NAME = AccentColor;
				CODE_SIGN_STYLE = Automatic;
				CURRENT_PROJECT_VERSION = 1;
				DEVELOPMENT_TEAM = 64TX422529;
				GENERATE_INFOPLIST_FILE = YES;
				INFOPLIST_FILE = "HapTics Ref/Info.plist";
				INFOPLIST_KEY_UIApplicationSupportsIndirectInputEvents = YES;
				INFOPLIST_KEY_UILaunchStoryboardName = LaunchScreen;
				INFOPLIST_KEY_UIMainStoryboardFile = Main;
				INFOPLIST_KEY_UISupportedInterfaceOrientations_iPad = "UIInterfaceOrientationPortrait UIInterfaceOrientationPortraitUpsideDown UIInterfaceOrientationLandscapeLeft UIInterfaceOrientationLandscapeRight";
				INFOPLIST_KEY_UISupportedInterfaceOrientations_iPhone = "UIInterfaceOrientationPortrait UIInterfaceOrientationLandscapeLeft UIInterfaceOrientationLandscapeRight";
				LD_RUNPATH_SEARCH_PATHS = (
					"$(inherited)",
					"@executable_path/Frameworks",
				);
				MARKETING_VERSION = 1.0;
				PRODUCT_BUNDLE_IDENTIFIER = "au.com.genggao.HapTics-Ref";
				PRODUCT_NAME = "$(TARGET_NAME)";
				SWIFT_EMIT_LOC_STRINGS = YES;
				SWIFT_VERSION = 5.0;
				TARGETED_DEVICE_FAMILY = "1,2";
			};
			name = Debug;
		};
		B7ED665C27A42330003FB84B /* Release */ = {
			isa = XCBuildConfiguration;
			buildSettings = {
				ASSETCATALOG_COMPILER_APPICON_NAME = AppIcon;
				ASSETCATALOG_COMPILER_GLOBAL_ACCENT_COLOR_NAME = AccentColor;
				CODE_SIGN_STYLE = Automatic;
				CURRENT_PROJECT_VERSION = 1;
				DEVELOPMENT_TEAM = 64TX422529;
				GENERATE_INFOPLIST_FILE = YES;
				INFOPLIST_FILE = "HapTics Ref/Info.plist";
				INFOPLIST_KEY_UIApplicationSupportsIndirectInputEvents = YES;
				INFOPLIST_KEY_UILaunchStoryboardName = LaunchScreen;
				INFOPLIST_KEY_UIMainStoryboardFile = Main;
				INFOPLIST_KEY_UISupportedInterfaceOrientations_iPad = "UIInterfaceOrientationPortrait UIInterfaceOrientationPortraitUpsideDown UIInterfaceOrientationLandscapeLeft UIInterfaceOrientationLandscapeRight";
				INFOPLIST_KEY_UISupportedInterfaceOrientations_iPhone = "UIInterfaceOrientationPortrait UIInterfaceOrientationLandscapeLeft UIInterfaceOrientationLandscapeRight";
				LD_RUNPATH_SEARCH_PATHS = (
					"$(inherited)",
					"@executable_path/Frameworks",
				);
				MARKETING_VERSION = 1.0;
				PRODUCT_BUNDLE_IDENTIFIER = "au.com.genggao.HapTics-Ref";
				PRODUCT_NAME = "$(TARGET_NAME)";
				SWIFT_EMIT_LOC_STRINGS = YES;
				SWIFT_VERSION = 5.0;
				TARGETED_DEVICE_FAMILY = "1,2";
			};
			name = Release;
		};
		B7ED665E27A42330003FB84B /* Debug */ = {
			isa = XCBuildConfiguration;
			buildSettings = {
				ALWAYS_EMBED_SWIFT_STANDARD_LIBRARIES = YES;
				BUNDLE_LOADER = "$(TEST_HOST)";
				CODE_SIGN_STYLE = Automatic;
				CURRENT_PROJECT_VERSION = 1;
				DEVELOPMENT_TEAM = 64TX422529;
				GENERATE_INFOPLIST_FILE = YES;
				IPHONEOS_DEPLOYMENT_TARGET = 15.2;
				MARKETING_VERSION = 1.0;
				PRODUCT_BUNDLE_IDENTIFIER = "au.com.genggao.HapTics-RefTests";
				PRODUCT_NAME = "$(TARGET_NAME)";
				SWIFT_EMIT_LOC_STRINGS = NO;
				SWIFT_VERSION = 5.0;
				TARGETED_DEVICE_FAMILY = "1,2";
				TEST_HOST = "$(BUILT_PRODUCTS_DIR)/HapTics Ref.app/HapTics Ref";
			};
			name = Debug;
		};
		B7ED665F27A42330003FB84B /* Release */ = {
			isa = XCBuildConfiguration;
			buildSettings = {
				ALWAYS_EMBED_SWIFT_STANDARD_LIBRARIES = YES;
				BUNDLE_LOADER = "$(TEST_HOST)";
				CODE_SIGN_STYLE = Automatic;
				CURRENT_PROJECT_VERSION = 1;
				DEVELOPMENT_TEAM = 64TX422529;
				GENERATE_INFOPLIST_FILE = YES;
				IPHONEOS_DEPLOYMENT_TARGET = 15.2;
				MARKETING_VERSION = 1.0;
				PRODUCT_BUNDLE_IDENTIFIER = "au.com.genggao.HapTics-RefTests";
				PRODUCT_NAME = "$(TARGET_NAME)";
				SWIFT_EMIT_LOC_STRINGS = NO;
				SWIFT_VERSION = 5.0;
				TARGETED_DEVICE_FAMILY = "1,2";
				TEST_HOST = "$(BUILT_PRODUCTS_DIR)/HapTics Ref.app/HapTics Ref";
			};
			name = Release;
		};
		B7ED666127A42330003FB84B /* Debug */ = {
			isa = XCBuildConfiguration;
			buildSettings = {
				ALWAYS_EMBED_SWIFT_STANDARD_LIBRARIES = YES;
				CODE_SIGN_STYLE = Automatic;
				CURRENT_PROJECT_VERSION = 1;
				DEVELOPMENT_TEAM = 64TX422529;
				GENERATE_INFOPLIST_FILE = YES;
				MARKETING_VERSION = 1.0;
				PRODUCT_BUNDLE_IDENTIFIER = "au.com.genggao.HapTics-RefUITests";
				PRODUCT_NAME = "$(TARGET_NAME)";
				SWIFT_EMIT_LOC_STRINGS = NO;
				SWIFT_VERSION = 5.0;
				TARGETED_DEVICE_FAMILY = "1,2";
				TEST_TARGET_NAME = "HapTics Ref";
			};
			name = Debug;
		};
		B7ED666227A42330003FB84B /* Release */ = {
			isa = XCBuildConfiguration;
			buildSettings = {
				ALWAYS_EMBED_SWIFT_STANDARD_LIBRARIES = YES;
				CODE_SIGN_STYLE = Automatic;
				CURRENT_PROJECT_VERSION = 1;
				DEVELOPMENT_TEAM = 64TX422529;
				GENERATE_INFOPLIST_FILE = YES;
				MARKETING_VERSION = 1.0;
				PRODUCT_BUNDLE_IDENTIFIER = "au.com.genggao.HapTics-RefUITests";
				PRODUCT_NAME = "$(TARGET_NAME)";
				SWIFT_EMIT_LOC_STRINGS = NO;
				SWIFT_VERSION = 5.0;
				TARGETED_DEVICE_FAMILY = "1,2";
				TEST_TARGET_NAME = "HapTics Ref";
			};
			name = Release;
		};
/* End XCBuildConfiguration section */

/* Begin XCConfigurationList section */
		B7ED662B27A4232E003FB84B /* Build configuration list for PBXProject "HapTics Ref" */ = {
			isa = XCConfigurationList;
			buildConfigurations = (
				B7ED665827A42330003FB84B /* Debug */,
				B7ED665927A42330003FB84B /* Release */,
			);
			defaultConfigurationIsVisible = 0;
			defaultConfigurationName = Release;
		};
		B7ED665A27A42330003FB84B /* Build configuration list for PBXNativeTarget "HapTics Ref" */ = {
			isa = XCConfigurationList;
			buildConfigurations = (
				B7ED665B27A42330003FB84B /* Debug */,
				B7ED665C27A42330003FB84B /* Release */,
			);
			defaultConfigurationIsVisible = 0;
			defaultConfigurationName = Release;
		};
		B7ED665D27A42330003FB84B /* Build configuration list for PBXNativeTarget "HapTics RefTests" */ = {
			isa = XCConfigurationList;
			buildConfigurations = (
				B7ED665E27A42330003FB84B /* Debug */,
				B7ED665F27A42330003FB84B /* Release */,
			);
			defaultConfigurationIsVisible = 0;
			defaultConfigurationName = Release;
		};
		B7ED666027A42330003FB84B /* Build configuration list for PBXNativeTarget "HapTics RefUITests" */ = {
			isa = XCConfigurationList;
			buildConfigurations = (
				B7ED666127A42330003FB84B /* Debug */,
				B7ED666227A42330003FB84B /* Release */,
			);
			defaultConfigurationIsVisible = 0;
			defaultConfigurationName = Release;
		};
/* End XCConfigurationList section */
	};
	rootObject = B7ED662827A4232E003FB84B /* Project object */;
}
